# THIS IS AN AUTOGENERATED FILE. DO NOT EDIT THIS FILE DIRECTLY.
# yarn lockfile v1


"@fethcat/version@^0.0.4":
  version "0.0.4"
  resolved "https://registry.npmjs.org/@fethcat/version/-/version-0.0.4.tgz#d117c6bd5f58a30f4b7ad851d1e25003641a5371"
  integrity sha512-/6Jp6L8jvLkezh0LSQU75Ao1NUYhrFOTvfOMXRDL7tAeiJQpovTIDgCknn272Rj8r4zaBhLWmAboyVXR9iqT9A==
  dependencies:
    async-exec "^1.1.0"

async-exec@^1.1.0:
  version "1.1.0"
  resolved "https://registry.npmjs.org/async-exec/-/async-exec-1.1.0.tgz#f7021613678fa5827edf0b42e600f27af1b8c1f0"
  integrity sha512-6EoIzK7POGxExlZ7lHDlY17RbmyH5Djip6yRXFuPhW5F8dKhjF+xLK31E8t5y9z+WC8LZNvVVnY2XNloBcTDHQ==
