# THIS IS AN AUTOGENERATED FILE. DO NOT EDIT THIS FILE DIRECTLY.
# yarn lockfile v1


"@fethcat/version@^0.0.6":
  version "0.0.6"
  resolved "https://registry.npmjs.org/@fethcat/version/-/version-0.0.6.tgz#5484fd72104c2829973f9298558f6ad08fd45a09"
  integrity sha512-qrxjx8rIcEgEyyf+4OMI8zakZ/E8oUnJ5o9dr5/CvPOAYxyVKYw9NYu3PvrzXgBc5imCVeo12nsg3Je16crYrA==
  dependencies:
    async-exec "^1.1.0"

async-exec@^1.1.0:
  version "1.1.0"
  resolved "https://registry.npmjs.org/async-exec/-/async-exec-1.1.0.tgz#f7021613678fa5827edf0b42e600f27af1b8c1f0"
  integrity sha512-6EoIzK7POGxExlZ7lHDlY17RbmyH5Djip6yRXFuPhW5F8dKhjF+xLK31E8t5y9z+WC8LZNvVVnY2XNloBcTDHQ==
